// !$*UTF8*$!
{
	archiveVersion = 1;
	classes = {
	};
	objectVersion = 56;
	objects = {

/* Begin PBXBuildFile section */
		DB4FC5BF29C211CA00CC9F05 /* AppDelegate.swift in Sources */ = {isa = PBXBuildFile; fileRef = DB4FC5BE29C211CA00CC9F05 /* AppDelegate.swift */; };
		DB4FC5C129C211CA00CC9F05 /* SceneDelegate.swift in Sources */ = {isa = PBXBuildFile; fileRef = DB4FC5C029C211CA00CC9F05 /* SceneDelegate.swift */; };
		DB4FC5C329C211CA00CC9F05 /* ViewController.swift in Sources */ = {isa = PBXBuildFile; fileRef = DB4FC5C229C211CA00CC9F05 /* ViewController.swift */; };
		DB4FC5C629C211CA00CC9F05 /* Main.storyboard in Resources */ = {isa = PBXBuildFile; fileRef = DB4FC5C429C211CA00CC9F05 /* Main.storyboard */; };
		DB4FC5C929C211CA00CC9F05 /* NoteApp.xcdatamodeld in Sources */ = {isa = PBXBuildFile; fileRef = DB4FC5C729C211CA00CC9F05 /* NoteApp.xcdatamodeld */; };
		DB4FC5CB29C211CB00CC9F05 /* Assets.xcassets in Resources */ = {isa = PBXBuildFile; fileRef = DB4FC5CA29C211CB00CC9F05 /* Assets.xcassets */; };
		DB4FC5CE29C211CB00CC9F05 /* LaunchScreen.storyboard in Resources */ = {isa = PBXBuildFile; fileRef = DB4FC5CC29C211CB00CC9F05 /* LaunchScreen.storyboard */; };
		DB4FC5D629C2138700CC9F05 /* DetailsViewController.swift in Sources */ = {isa = PBXBuildFile; fileRef = DB4FC5D529C2138700CC9F05 /* DetailsViewController.swift */; };
		DB4FC5D829C21C1400CC9F05 /* NoteCell.swift in Sources */ = {isa = PBXBuildFile; fileRef = DB4FC5D729C21C1400CC9F05 /* NoteCell.swift */; };
/* End PBXBuildFile section */

/* Begin PBXFileReference section */
		DB4FC5BB29C211CA00CC9F05 /* NoteApp.app */ = {isa = PBXFileReference; explicitFileType = wrapper.application; includeInIndex = 0; path = NoteApp.app; sourceTree = BUILT_PRODUCTS_DIR; };
		DB4FC5BE29C211CA00CC9F05 /* AppDelegate.swift */ = {isa = PBXFileReference; lastKnownFileType = sourcecode.swift; path = AppDelegate.swift; sourceTree = "<group>"; };
		DB4FC5C029C211CA00CC9F05 /* SceneDelegate.swift */ = {isa = PBXFileReference; lastKnownFileType = sourcecode.swift; path = SceneDelegate.swift; sourceTree = "<group>"; };
		DB4FC5C229C211CA00CC9F05 /* ViewController.swift */ = {isa = PBXFileReference; lastKnownFileType = sourcecode.swift; path = ViewController.swift; sourceTree = "<group>"; };
		DB4FC5C529C211CA00CC9F05 /* Base */ = {isa = PBXFileReference; lastKnownFileType = file.storyboard; name = Base; path = Base.lproj/Main.storyboard; sourceTree = "<group>"; };
		DB4FC5C829C211CA00CC9F05 /* NoteApp.xcdatamodel */ = {isa = PBXFileReference; lastKnownFileType = wrapper.xcdatamodel; path = NoteApp.xcdatamodel; sourceTree = "<group>"; };
		DB4FC5CA29C211CB00CC9F05 /* Assets.xcassets */ = {isa = PBXFileReference; lastKnownFileType = folder.assetcatalog; path = Assets.xcassets; sourceTree = "<group>"; };
		DB4FC5CD29C211CB00CC9F05 /* Base */ = {isa = PBXFileReference; lastKnownFileType = file.storyboard; name = Base; path = Base.lproj/LaunchScreen.storyboard; sourceTree = "<group>"; };
		DB4FC5CF29C211CB00CC9F05 /* Info.plist */ = {isa = PBXFileReference; lastKnownFileType = text.plist.xml; path = Info.plist; sourceTree = "<group>"; };
		DB4FC5D529C2138700CC9F05 /* DetailsViewController.swift */ = {isa = PBXFileReference; lastKnownFileType = sourcecode.swift; path = DetailsViewController.swift; sourceTree = "<group>"; };
		DB4FC5D729C21C1400CC9F05 /* NoteCell.swift */ = {isa = PBXFileReference; lastKnownFileType = sourcecode.swift; path = NoteCell.swift; sourceTree = "<group>"; };
/* End PBXFileReference section */

/* Begin PBXFrameworksBuildPhase section */
		DB4FC5B829C211CA00CC9F05 /* Frameworks */ = {
			isa = PBXFrameworksBuildPhase;
			buildActionMask = 2147483647;
			files = (
			);
			runOnlyForDeploymentPostprocessing = 0;
		};
/* End PBXFrameworksBuildPhase section */

/* Begin PBXGroup section */
		DB4FC5B229C211CA00CC9F05 = {
			isa = PBXGroup;
			children = (
				DB4FC5BD29C211CA00CC9F05 /* NoteApp */,
				DB4FC5BC29C211CA00CC9F05 /* Products */,
			);
			sourceTree = "<group>";
		};
		DB4FC5BC29C211CA00CC9F05 /* Products */ = {
			isa = PBXGroup;
			children = (
				DB4FC5BB29C211CA00CC9F05 /* NoteApp.app */,
			);
			name = Products;
			sourceTree = "<group>";
		};
		DB4FC5BD29C211CA00CC9F05 /* NoteApp */ = {
			isa = PBXGroup;
			children = (
				DB4FC5BE29C211CA00CC9F05 /* AppDelegate.swift */,
				DB4FC5C029C211CA00CC9F05 /* SceneDelegate.swift */,
				DB4FC5C229C211CA00CC9F05 /* ViewController.swift */,
				DB4FC5D529C2138700CC9F05 /* DetailsViewController.swift */,
				DB4FC5C429C211CA00CC9F05 /* Main.storyboard */,
				DB4FC5D729C21C1400CC9F05 /* NoteCell.swift */,
				DB4FC5CA29C211CB00CC9F05 /* Assets.xcassets */,
				DB4FC5CC29C211CB00CC9F05 /* LaunchScreen.storyboard */,
				DB4FC5CF29C211CB00CC9F05 /* Info.plist */,
				DB4FC5C729C211CA00CC9F05 /* NoteApp.xcdatamodeld */,
			);
			path = NoteApp;
			sourceTree = "<group>";
		};
/* End PBXGroup section */

/* Begin PBXNativeTarget section */
		DB4FC5BA29C211CA00CC9F05 /* NoteApp */ = {
			isa = PBXNativeTarget;
			buildConfigurationList = DB4FC5D229C211CB00CC9F05 /* Build configuration list for PBXNativeTarget "NoteApp" */;
			buildPhases = (
				DB4FC5B729C211CA00CC9F05 /* Sources */,
				DB4FC5B829C211CA00CC9F05 /* Frameworks */,
				DB4FC5B929C211CA00CC9F05 /* Resources */,
			);
			buildRules = (
			);
			dependencies = (
			);
			name = NoteApp;
			productName = NoteApp;
			productReference = DB4FC5BB29C211CA00CC9F05 /* NoteApp.app */;
			productType = "com.apple.product-type.application";
		};
/* End PBXNativeTarget section */

/* Begin PBXProject section */
		DB4FC5B329C211CA00CC9F05 /* Project object */ = {
			isa = PBXProject;
			attributes = {
				BuildIndependentTargetsInParallel = 1;
				LastSwiftUpdateCheck = 1420;
				LastUpgradeCheck = 1420;
				TargetAttributes = {
					DB4FC5BA29C211CA00CC9F05 = {
						CreatedOnToolsVersion = 14.2;
					};
				};
			};
			buildConfigurationList = DB4FC5B629C211CA00CC9F05 /* Build configuration list for PBXProject "NoteApp" */;
			compatibilityVersion = "Xcode 14.0";
			developmentRegion = en;
			hasScannedForEncodings = 0;
			knownRegions = (
				en,
				Base,
			);
			mainGroup = DB4FC5B229C211CA00CC9F05;
			productRefGroup = DB4FC5BC29C211CA00CC9F05 /* Products */;
			projectDirPath = "";
			projectRoot = "";
			targets = (
				DB4FC5BA29C211CA00CC9F05 /* NoteApp */,
			);
		};
/* End PBXProject section */

/* Begin PBXResourcesBuildPhase section */
		DB4FC5B929C211CA00CC9F05 /* Resources */ = {
			isa = PBXResourcesBuildPhase;
			buildActionMask = 2147483647;
			files = (
				DB4FC5CE29C211CB00CC9F05 /* LaunchScreen.storyboard in Resources */,
				DB4FC5CB29C211CB00CC9F05 /* Assets.xcassets in Resources */,
				DB4FC5C629C211CA00CC9F05 /* Main.storyboard in Resources */,
			);
			runOnlyForDeploymentPostprocessing = 0;
		};
/* End PBXResourcesBuildPhase section */

/* Begin PBXSourcesBuildPhase section */
		DB4FC5B729C211CA00CC9F05 /* Sources */ = {
			isa = PBXSourcesBuildPhase;
			buildActionMask = 2147483647;
			files = (
				DB4FC5C329C211CA00CC9F05 /* ViewController.swift in Sources */,
				DB4FC5BF29C211CA00CC9F05 /* AppDelegate.swift in Sources */,
				DB4FC5C129C211CA00CC9F05 /* SceneDelegate.swift in Sources */,
				DB4FC5D829C21C1400CC9F05 /* NoteCell.swift in Sources */,
				DB4FC5C929C211CA00CC9F05 /* NoteApp.xcdatamodeld in Sources */,
				DB4FC5D629C2138700CC9F05 /* DetailsViewController.swift in Sources */,
			);
			runOnlyForDeploymentPostprocessing = 0;
		};
/* End PBXSourcesBuildPhase section */

/* Begin PBXVariantGroup section */
		DB4FC5C429C211CA00CC9F05 /* Main.storyboard */ = {
			isa = PBXVariantGroup;
			children = (
				DB4FC5C529C211CA00CC9F05 /* Base */,
			);
			name = Main.storyboard;
			sourceTree = "<group>";
		};
		DB4FC5CC29C211CB00CC9F05 /* LaunchScreen.storyboard */ = {
			isa = PBXVariantGroup;
			children = (
				DB4FC5CD29C211CB00CC9F05 /* Base */,
			);
			name = LaunchScreen.storyboard;
			sourceTree = "<group>";
		};
/* End PBXVariantGroup section */

/* Begin XCBuildConfiguration section */
		DB4FC5D029C211CB00CC9F05 /* Debug */ = {
			isa = XCBuildConfiguration;
			buildSettings = {
				ALWAYS_SEARCH_USER_PATHS = NO;
				CLANG_ANALYZER_NONNULL = YES;
				CLANG_ANALYZER_NUMBER_OBJECT_CONVERSION = YES_AGGRESSIVE;
				CLANG_CXX_LANGUAGE_STANDARD = "gnu++20";
				CLANG_ENABLE_MODULES = YES;
				CLANG_ENABLE_OBJC_ARC = YES;
				CLANG_ENABLE_OBJC_WEAK = YES;
				CLANG_WARN_BLOCK_CAPTURE_AUTORELEASING = YES;
				CLANG_WARN_BOOL_CONVERSION = YES;
				CLANG_WARN_COMMA = YES;
				CLANG_WARN_CONSTANT_CONVERSION = YES;
				CLANG_WARN_DEPRECATED_OBJC_IMPLEMENTATIONS = YES;
				CLANG_WARN_DIRECT_OBJC_ISA_USAGE = YES_ERROR;
				CLANG_WARN_DOCUMENTATION_COMMENTS = YES;
				CLANG_WARN_EMPTY_BODY = YES;
				CLANG_WARN_ENUM_CONVERSION = YES;
				CLANG_WARN_INFINITE_RECURSION = YES;
				CLANG_WARN_INT_CONVERSION = YES;
				CLANG_WARN_NON_LITERAL_NULL_CONVERSION = YES;
				CLANG_WARN_OBJC_IMPLICIT_RETAIN_SELF = YES;
				CLANG_WARN_OBJC_LITERAL_CONVERSION = YES;
				CLANG_WARN_OBJC_ROOT_CLASS = YES_ERROR;
				CLANG_WARN_QUOTED_INCLUDE_IN_FRAMEWORK_HEADER = YES;
				CLANG_WARN_RANGE_LOOP_ANALYSIS = YES;
				CLANG_WARN_STRICT_PROTOTYPES = YES;
				CLANG_WARN_SUSPICIOUS_MOVE = YES;
				CLANG_WARN_UNGUARDED_AVAILABILITY = YES_AGGRESSIVE;
				CLANG_WARN_UNREACHABLE_CODE = YES;
				CLANG_WARN__DUPLICATE_METHOD_MATCH = YES;
				COPY_PHASE_STRIP = NO;
				DEBUG_INFORMATION_FORMAT = dwarf;
				ENABLE_STRICT_OBJC_MSGSEND = YES;
				ENABLE_TESTABILITY = YES;
				GCC_C_LANGUAGE_STANDARD = gnu11;
				GCC_DYNAMIC_NO_PIC = NO;
				GCC_NO_COMMON_BLOCKS = YES;
				GCC_OPTIMIZATION_LEVEL = 0;
				GCC_PREPROCESSOR_DEFINITIONS = (
					"DEBUG=1",
					"$(inherited)",
				);
				GCC_WARN_64_TO_32_BIT_CONVERSION = YES;
				GCC_WARN_ABOUT_RETURN_TYPE = YES_ERROR;
				GCC_WARN_UNDECLARED_SELECTOR = YES;
				GCC_WARN_UNINITIALIZED_AUTOS = YES_AGGRESSIVE;
				GCC_WARN_UNUSED_FUNCTION = YES;
				GCC_WARN_UNUSED_VARIABLE = YES;
				IPHONEOS_DEPLOYMENT_TARGET = 16.2;
				MTL_ENABLE_DEBUG_INFO = INCLUDE_SOURCE;
				MTL_FAST_MATH = YES;
				ONLY_ACTIVE_ARCH = YES;
				SDKROOT = iphoneos;
				SWIFT_ACTIVE_COMPILATION_CONDITIONS = DEBUG;
				SWIFT_OPTIMIZATION_LEVEL = "-Onone";
			};
			name = Debug;
		};
		DB4FC5D129C211CB00CC9F05 /* Release */ = {
			isa = XCBuildConfiguration;
			buildSettings = {
				ALWAYS_SEARCH_USER_PATHS = NO;
				CLANG_ANALYZER_NONNULL = YES;
				CLANG_ANALYZER_NUMBER_OBJECT_CONVERSION = YES_AGGRESSIVE;
				CLANG_CXX_LANGUAGE_STANDARD = "gnu++20";
				CLANG_ENABLE_MODULES = YES;
				CLANG_ENABLE_OBJC_ARC = YES;
				CLANG_ENABLE_OBJC_WEAK = YES;
				CLANG_WARN_BLOCK_CAPTURE_AUTORELEASING = YES;
				CLANG_WARN_BOOL_CONVERSION = YES;
				CLANG_WARN_COMMA = YES;
				CLANG_WARN_CONSTANT_CONVERSION = YES;
				CLANG_WARN_DEPRECATED_OBJC_IMPLEMENTATIONS = YES;
				CLANG_WARN_DIRECT_OBJC_ISA_USAGE = YES_ERROR;
				CLANG_WARN_DOCUMENTATION_COMMENTS = YES;
				CLANG_WARN_EMPTY_BODY = YES;
				CLANG_WARN_ENUM_CONVERSION = YES;
				CLANG_WARN_INFINITE_RECURSION = YES;
				CLANG_WARN_INT_CONVERSION = YES;
				CLANG_WARN_NON_LITERAL_NULL_CONVERSION = YES;
				CLANG_WARN_OBJC_IMPLICIT_RETAIN_SELF = YES;
				CLANG_WARN_OBJC_LITERAL_CONVERSION = YES;
				CLANG_WARN_OBJC_ROOT_CLASS = YES_ERROR;
				CLANG_WARN_QUOTED_INCLUDE_IN_FRAMEWORK_HEADER = YES;
				CLANG_WARN_RANGE_LOOP_ANALYSIS = YES;
				CLANG_WARN_STRICT_PROTOTYPES = YES;
				CLANG_WARN_SUSPICIOUS_MOVE = YES;
				CLANG_WARN_UNGUARDED_AVAILABILITY = YES_AGGRESSIVE;
				CLANG_WARN_UNREACHABLE_CODE = YES;
				CLANG_WARN__DUPLICATE_METHOD_MATCH = YES;
				COPY_PHASE_STRIP = NO;
				DEBUG_INFORMATION_FORMAT = "dwarf-with-dsym";
				ENABLE_NS_ASSERTIONS = NO;
				ENABLE_STRICT_OBJC_MSGSEND = YES;
				GCC_C_LANGUAGE_STANDARD = gnu11;
				GCC_NO_COMMON_BLOCKS = YES;
				GCC_WARN_64_TO_32_BIT_CONVERSION = YES;
				GCC_WARN_ABOUT_RETURN_TYPE = YES_ERROR;
				GCC_WARN_UNDECLARED_SELECTOR = YES;
				GCC_WARN_UNINITIALIZED_AUTOS = YES_AGGRESSIVE;
				GCC_WARN_UNUSED_FUNCTION = YES;
				GCC_WARN_UNUSED_VARIABLE = YES;
				IPHONEOS_DEPLOYMENT_TARGET = 16.2;
				MTL_ENABLE_DEBUG_INFO = NO;
				MTL_FAST_MATH = YES;
				SDKROOT = iphoneos;
				SWIFT_COMPILATION_MODE = wholemodule;
				SWIFT_OPTIMIZATION_LEVEL = "-O";
				VALIDATE_PRODUCT = YES;
			};
			name = Release;
		};
		DB4FC5D329C211CB00CC9F05 /* Debug */ = {
			isa = XCBuildConfiguration;
			buildSettings = {
				ASSETCATALOG_COMPILER_APPICON_NAME = AppIcon;
				ASSETCATALOG_COMPILER_GLOBAL_ACCENT_COLOR_NAME = AccentColor;
				CODE_SIGN_STYLE = Automatic;
				CURRENT_PROJECT_VERSION = 1;
				GENERATE_INFOPLIST_FILE = YES;
				INFOPLIST_FILE = NoteApp/Info.plist;
				INFOPLIST_KEY_UIApplicationSupportsIndirectInputEvents = YES;
				INFOPLIST_KEY_UILaunchStoryboardName = LaunchScreen;
				INFOPLIST_KEY_UIMainStoryboardFile = Main;
				INFOPLIST_KEY_UISupportedInterfaceOrientations_iPad = "UIInterfaceOrientationPortrait UIInterfaceOrientationPortraitUpsideDown UIInterfaceOrientationLandscapeLeft UIInterfaceOrientationLandscapeRight";
				INFOPLIST_KEY_UISupportedInterfaceOrientations_iPhone = "UIInterfaceOrientationPortrait UIInterfaceOrientationLandscapeLeft UIInterfaceOrientationLandscapeRight";
				LD_RUNPATH_SEARCH_PATHS = (
					"$(inherited)",
					"@executable_path/Frameworks",
				);
				MARKETING_VERSION = 1.0;
				PRODUCT_BUNDLE_IDENTIFIER = com.umitsimsek.NoteApp;
				PRODUCT_NAME = "$(TARGET_NAME)";
				SWIFT_EMIT_LOC_STRINGS = YES;
				SWIFT_VERSION = 5.0;
				TARGETED_DEVICE_FAMILY = "1,2";
			};
			name = Debug;
		};
		DB4FC5D429C211CB00CC9F05 /* Release */ = {
			isa = XCBuildConfiguration;
			buildSettings = {
				ASSETCATALOG_COMPILER_APPICON_NAME = AppIcon;
				ASSETCATALOG_COMPILER_GLOBAL_ACCENT_COLOR_NAME = AccentColor;
				CODE_SIGN_STYLE = Automatic;
				CURRENT_PROJECT_VERSION = 1;
				GENERATE_INFOPLIST_FILE = YES;
				INFOPLIST_FILE = NoteApp/Info.plist;
				INFOPLIST_KEY_UIApplicationSupportsIndirectInputEvents = YES;
				INFOPLIST_KEY_UILaunchStoryboardName = LaunchScreen;
				INFOPLIST_KEY_UIMainStoryboardFile = Main;
				INFOPLIST_KEY_UISupportedInterfaceOrientations_iPad = "UIInterfaceOrientationPortrait UIInterfaceOrientationPortraitUpsideDown UIInterfaceOrientationLandscapeLeft UIInterfaceOrientationLandscapeRight";
				INFOPLIST_KEY_UISupportedInterfaceOrientations_iPhone = "UIInterfaceOrientationPortrait UIInterfaceOrientationLandscapeLeft UIInterfaceOrientationLandscapeRight";
				LD_RUNPATH_SEARCH_PATHS = (
					"$(inherited)",
					"@executable_path/Frameworks",
				);
				MARKETING_VERSION = 1.0;
				PRODUCT_BUNDLE_IDENTIFIER = com.umitsimsek.NoteApp;
				PRODUCT_NAME = "$(TARGET_NAME)";
				SWIFT_EMIT_LOC_STRINGS = YES;
				SWIFT_VERSION = 5.0;
				TARGETED_DEVICE_FAMILY = "1,2";
			};
			name = Release;
		};
/* End XCBuildConfiguration section */

/* Begin XCConfigurationList section */
		DB4FC5B629C211CA00CC9F05 /* Build configuration list for PBXProject "NoteApp" */ = {
			isa = XCConfigurationList;
			buildConfigurations = (
				DB4FC5D029C211CB00CC9F05 /* Debug */,
				DB4FC5D129C211CB00CC9F05 /* Release */,
			);
			defaultConfigurationIsVisible = 0;
			defaultConfigurationName = Release;
		};
		DB4FC5D229C211CB00CC9F05 /* Build configuration list for PBXNativeTarget "NoteApp" */ = {
			isa = XCConfigurationList;
			buildConfigurations = (
				DB4FC5D329C211CB00CC9F05 /* Debug */,
				DB4FC5D429C211CB00CC9F05 /* Release */,
			);
			defaultConfigurationIsVisible = 0;
			defaultConfigurationName = Release;
		};
/* End XCConfigurationList section */

/* Begin XCVersionGroup section */
		DB4FC5C729C211CA00CC9F05 /* NoteApp.xcdatamodeld */ = {
			isa = XCVersionGroup;
			children = (
				DB4FC5C829C211CA00CC9F05 /* NoteApp.xcdatamodel */,
			);
			currentVersion = DB4FC5C829C211CA00CC9F05 /* NoteApp.xcdatamodel */;
			path = NoteApp.xcdatamodeld;
			sourceTree = "<group>";
			versionGroupType = wrapper.xcdatamodel;
		};
/* End XCVersionGroup section */
	};
	rootObject = DB4FC5B329C211CA00CC9F05 /* Project object */;
}
